
Microsoft Visual Studio Solution File, Format Version 11.00
# Visual Studio 2010
Project("{8BC9CEB8-8B4A-11D0-8D11-00A0C91BC942}") = "AeroPanel", "AeroPanel\AeroPanel.vcxproj", "{49CAA2F1-C12C-4D75-AA8D-BB3BE40BAE6C}"
EndProject
Global
	GlobalSection(SolutionConfigurationPlatforms) = preSolution
		Debug|Win32 = Debug|Win32
		Release|Win32 = Release|Win32
	EndGlobalSection
	GlobalSection(ProjectConfigurationPlatforms) = postSolution
		{49CAA2F1-C12C-4D75-AA8D-BB3BE40BAE6C}.Debug|Win32.ActiveCfg = Debug|Win32
		{49CAA2F1-C12C-4D75-AA8D-BB3BE40BAE6C}.Debug|Win32.Build.0 = Debug|Win32
		{49CAA2F1-C12C-4D75-AA8D-BB3BE40BAE6C}.Release|Win32.ActiveCfg = Release|Win32
		{49CAA2F1-C12C-4D75-AA8D-BB3BE40BAE6C}.Release|Win32.Build.0 = Release|Win32
	EndGlobalSection
	GlobalSection(SolutionProperties) = preSolution
		HideSolutionNode = FALSE
	EndGlobalSection
EndGlobal
